
Microsoft Visual Studio Solution File, Format Version 12.00
# Visual Studio Version 16
VisualStudioVersion = 16.0.30413.136
MinimumVisualStudioVersion = 10.0.40219.1
Project("{FAE04EC0-301F-11D3-BF4B-00C04F79EFBC}") = "Abstract07October2020", "Abstract07October2020\Abstract07October2020.csproj", "{D4670548-BD4B-413F-9B7B-473B66BFFB89}"
EndProject
Global
	GlobalSection(SolutionConfigurationPlatforms) = preSolution
		Debug|Any CPU = Debug|Any CPU
		Release|Any CPU = Release|Any CPU
	EndGlobalSection
	GlobalSection(ProjectConfigurationPlatforms) = postSolution
		{D4670548-BD4B-413F-9B7B-473B66BFFB89}.Debug|Any CPU.ActiveCfg = Debug|Any CPU
		{D4670548-BD4B-413F-9B7B-473B66BFFB89}.Debug|Any CPU.Build.0 = Debug|Any CPU
		{D4670548-BD4B-413F-9B7B-473B66BFFB89}.Release|Any CPU.ActiveCfg = Release|Any CPU
		{D4670548-BD4B-413F-9B7B-473B66BFFB89}.Release|Any CPU.Build.0 = Release|Any CPU
	EndGlobalSection
	GlobalSection(SolutionProperties) = preSolution
		HideSolutionNode = FALSE
	EndGlobalSection
	GlobalSection(ExtensibilityGlobals) = postSolution
		SolutionGuid = {D01D6330-04C5-483B-A897-F0718AF7D2B3}
	EndGlobalSection
EndGlobal
